{
  "name": "jobstocker",
  "lockfileVersion": 2,
  "requires": true,
  "packages": {
    "": {
      "dependencies": {
        "@fluent/react": "^0.14.1"
      }
    },
    "node_modules/@fluent/bundle": {
      "version": "0.17.1",
      "resolved": "https://registry.npmjs.org/@fluent/bundle/-/bundle-0.17.1.tgz",
      "integrity": "sha512-CRFNT9QcSFAeFDneTF59eyv3JXFGhIIN4boUO2y22YmsuuKLyDk+N1I/NQUYz9Ab63e6V7T6vItoZIG/2oOOuw==",
      "peer": true,
      "engines": {
        "node": ">=12.0.0",
        "npm": ">=7.0.0"
      }
    },
    "node_modules/@fluent/react": {
      "version": "0.14.1",
      "resolved": "https://registry.npmjs.org/@fluent/react/-/react-0.14.1.tgz",
      "integrity": "sha512-DGeGUFwR7L1tbBoeZaErVLhSGGHCKp2jPh8iz+DV+ekWu4h2D4Ah4d6yeHYySGVAH9m17kHBB2jYhAZzrFcl4Q==",
      "dependencies": {
        "@fluent/sequence": "^0.7.0",
        "cached-iterable": "^0.3.0"
      },
      "engines": {
        "node": ">=12.0.0",
        "npm": ">=7.0.0"
      },
      "peerDependencies": {
        "@fluent/bundle": ">=0.16.0 <0.18.0",
        "react": ">=16.8.0"
      }
    },
    "node_modules/@fluent/sequence": {
      "version": "0.7.0",
      "resolved": "https://registry.npmjs.org/@fluent/sequence/-/sequence-0.7.0.tgz",
      "integrity": "sha512-aH1xMwX8DFvKOQSKUKpB3zMsnJ2rRKt7MajLNnx/r3V3DWDo2nzEfm21d7UyOgwEckPIjPmhxdW1MEmsGUxYIw==",
      "engines": {
        "node": ">=12.0.0",
        "npm": ">=7.0.0"
      },
      "peerDependencies": {
        "@fluent/bundle": ">= 0.13.0"
      }
    },
    "node_modules/cached-iterable": {
      "version": "0.3.0",
      "resolved": "https://registry.npmjs.org/cached-iterable/-/cached-iterable-0.3.0.tgz",
      "integrity": "sha512-MDqM6TpBVebZD4UDtmlFp8EjVtRcsB6xt9aRdWymjk0fWVUUGgmt/V7o0H0gkI2Tkvv8B0ucjidZm4mLosdlWw==",
      "engines": {
        "node": ">=8.9.0"
      }
    },
    "node_modules/js-tokens": {
      "version": "4.0.0",
      "resolved": "https://registry.npmjs.org/js-tokens/-/js-tokens-4.0.0.tgz",
      "integrity": "sha512-RdJUflcE3cUzKiMqQgsCu06FPu9UdIJO0beYbPhHN4k6apgJtifcoCtT9bcxOpYBtpD2kCM6Sbzg4CausW/PKQ==",
      "peer": true
    },
    "node_modules/loose-envify": {
      "version": "1.4.0",
      "resolved": "https://registry.npmjs.org/loose-envify/-/loose-envify-1.4.0.tgz",
      "integrity": "sha512-lyuxPGr/Wfhrlem2CL/UcnUc1zcqKAImBDzukY7Y5F/yQiNdko6+fRLevlw1HgMySw7f611UIY408EtxRSoK3Q==",
      "peer": true,
      "dependencies": {
        "js-tokens": "^3.0.0 || ^4.0.0"
      },
      "bin": {
        "loose-envify": "cli.js"
      }
    },
    "node_modules/react": {
      "version": "18.1.0",
      "resolved": "https://registry.npmjs.org/react/-/react-18.1.0.tgz",
      "integrity": "sha512-4oL8ivCz5ZEPyclFQXaNksK3adutVS8l2xzZU0cqEFrE9Sb7fC0EFK5uEk74wIreL1DERyjvsU915j1pcT2uEQ==",
      "peer": true,
      "dependencies": {
        "loose-envify": "^1.1.0"
      },
      "engines": {
        "node": ">=0.10.0"
      }
    }
  },
  "dependencies": {
    "@fluent/bundle": {
      "version": "0.17.1",
      "resolved": "https://registry.npmjs.org/@fluent/bundle/-/bundle-0.17.1.tgz",
      "integrity": "sha512-CRFNT9QcSFAeFDneTF59eyv3JXFGhIIN4boUO2y22YmsuuKLyDk+N1I/NQUYz9Ab63e6V7T6vItoZIG/2oOOuw==",
      "peer": true
    },
    "@fluent/react": {
      "version": "0.14.1",
      "resolved": "https://registry.npmjs.org/@fluent/react/-/react-0.14.1.tgz",
      "integrity": "sha512-DGeGUFwR7L1tbBoeZaErVLhSGGHCKp2jPh8iz+DV+ekWu4h2D4Ah4d6yeHYySGVAH9m17kHBB2jYhAZzrFcl4Q==",
      "requires": {
        "@fluent/sequence": "^0.7.0",
        "cached-iterable": "^0.3.0"
      }
    },
    "@fluent/sequence": {
      "version": "0.7.0",
      "resolved": "https://registry.npmjs.org/@fluent/sequence/-/sequence-0.7.0.tgz",
      "integrity": "sha512-aH1xMwX8DFvKOQSKUKpB3zMsnJ2rRKt7MajLNnx/r3V3DWDo2nzEfm21d7UyOgwEckPIjPmhxdW1MEmsGUxYIw==",
      "requires": {}
    },
    "cached-iterable": {
      "version": "0.3.0",
      "resolved": "https://registry.npmjs.org/cached-iterable/-/cached-iterable-0.3.0.tgz",
      "integrity": "sha512-MDqM6TpBVebZD4UDtmlFp8EjVtRcsB6xt9aRdWymjk0fWVUUGgmt/V7o0H0gkI2Tkvv8B0ucjidZm4mLosdlWw=="
    },
    "js-tokens": {
      "version": "4.0.0",
      "resolved": "https://registry.npmjs.org/js-tokens/-/js-tokens-4.0.0.tgz",
      "integrity": "sha512-RdJUflcE3cUzKiMqQgsCu06FPu9UdIJO0beYbPhHN4k6apgJtifcoCtT9bcxOpYBtpD2kCM6Sbzg4CausW/PKQ==",
      "peer": true
    },
    "loose-envify": {
      "version": "1.4.0",
      "resolved": "https://registry.npmjs.org/loose-envify/-/loose-envify-1.4.0.tgz",
      "integrity": "sha512-lyuxPGr/Wfhrlem2CL/UcnUc1zcqKAImBDzukY7Y5F/yQiNdko6+fRLevlw1HgMySw7f611UIY408EtxRSoK3Q==",
      "peer": true,
      "requires": {
        "js-tokens": "^3.0.0 || ^4.0.0"
      }
    },
    "react": {
      "version": "18.1.0",
      "resolved": "https://registry.npmjs.org/react/-/react-18.1.0.tgz",
      "integrity": "sha512-4oL8ivCz5ZEPyclFQXaNksK3adutVS8l2xzZU0cqEFrE9Sb7fC0EFK5uEk74wIreL1DERyjvsU915j1pcT2uEQ==",
      "peer": true,
      "requires": {
        "loose-envify": "^1.1.0"
      }
    }
  }
}
